Microsoft Visual Studio Solution File, Format Version 10.00
# Visual Studio 2008
Project("{8BC9CEB8-8B4A-11D0-8D11-00A0C91BC942}") = "printhouse", "app.vcproj", "{7ED78096-F6AB-4811-96BF-6792CD065585}"
EndProject
Global
	GlobalSection(SolutionConfigurationPlatforms) = preSolution
		dbg|Win32 = dbg|Win32
		opt|Win32 = opt|Win32
	EndGlobalSection
	GlobalSection(ProjectConfigurationPlatforms) = postSolution
		{7ED78096-F6AB-4811-96BF-6792CD065585}.dbg|Win32.ActiveCfg = dbg|Win32
		{7ED78096-F6AB-4811-96BF-6792CD065585}.dbg|Win32.Build.0 = dbg|Win32
		{7ED78096-F6AB-4811-96BF-6792CD065585}.opt|Win32.ActiveCfg = opt|Win32
		{7ED78096-F6AB-4811-96BF-6792CD065585}.opt|Win32.Build.0 = opt|Win32
	EndGlobalSection
	GlobalSection(SolutionProperties) = preSolution
		HideSolutionNode = FALSE
	EndGlobalSection
EndGlobal
